
Microsoft Visual Studio Solution File, Format Version 12.00
# Visual Studio Version 16
VisualStudioVersion = 16.0.31129.286
MinimumVisualStudioVersion = 10.0.40219.1
Project("{9A19103F-16F7-4668-BE54-9A1E7A4F7556}") = "AbaciRelay", "AbaciRelay\AbaciRelay.csproj", "{4EC47C36-41B6-44D6-970E-8E2B07ECC5C2}"
EndProject
Project("{9A19103F-16F7-4668-BE54-9A1E7A4F7556}") = "AbaciRelayTests", "AbaciRelayTests\AbaciRelayTests.csproj", "{33C00C98-E378-4923-B546-19AEC33C441D}"
EndProject
Project("{FAE04EC0-301F-11D3-BF4B-00C04F79EFBC}") = "AbaciAndroid", "AbaciAndroid\AbaciAndroid.csproj", "{6B96E92B-6E6A-435A-A25D-0CE8411F793D}"
EndProject
Global
	GlobalSection(SolutionConfigurationPlatforms) = preSolution
		Debug|Any CPU = Debug|Any CPU
		Release|Any CPU = Release|Any CPU
	EndGlobalSection
	GlobalSection(ProjectConfigurationPlatforms) = postSolution
		{4EC47C36-41B6-44D6-970E-8E2B07ECC5C2}.Debug|Any CPU.ActiveCfg = Debug|Any CPU
		{4EC47C36-41B6-44D6-970E-8E2B07ECC5C2}.Debug|Any CPU.Build.0 = Debug|Any CPU
		{4EC47C36-41B6-44D6-970E-8E2B07ECC5C2}.Release|Any CPU.ActiveCfg = Release|Any CPU
		{4EC47C36-41B6-44D6-970E-8E2B07ECC5C2}.Release|Any CPU.Build.0 = Release|Any CPU
		{33C00C98-E378-4923-B546-19AEC33C441D}.Debug|Any CPU.ActiveCfg = Debug|Any CPU
		{33C00C98-E378-4923-B546-19AEC33C441D}.Debug|Any CPU.Build.0 = Debug|Any CPU
		{33C00C98-E378-4923-B546-19AEC33C441D}.Release|Any CPU.ActiveCfg = Release|Any CPU
		{33C00C98-E378-4923-B546-19AEC33C441D}.Release|Any CPU.Build.0 = Release|Any CPU
		{6B96E92B-6E6A-435A-A25D-0CE8411F793D}.Debug|Any CPU.ActiveCfg = Debug|Any CPU
		{6B96E92B-6E6A-435A-A25D-0CE8411F793D}.Debug|Any CPU.Build.0 = Debug|Any CPU
		{6B96E92B-6E6A-435A-A25D-0CE8411F793D}.Debug|Any CPU.Deploy.0 = Debug|Any CPU
		{6B96E92B-6E6A-435A-A25D-0CE8411F793D}.Release|Any CPU.ActiveCfg = Release|Any CPU
		{6B96E92B-6E6A-435A-A25D-0CE8411F793D}.Release|Any CPU.Build.0 = Release|Any CPU
		{6B96E92B-6E6A-435A-A25D-0CE8411F793D}.Release|Any CPU.Deploy.0 = Release|Any CPU
	EndGlobalSection
	GlobalSection(SolutionProperties) = preSolution
		HideSolutionNode = FALSE
	EndGlobalSection
	GlobalSection(ExtensibilityGlobals) = postSolution
		SolutionGuid = {E592E550-19B7-431C-8F74-D804B787E553}
	EndGlobalSection
EndGlobal
